
Microsoft Visual Studio Solution File, Format Version 12.00
# Visual Studio Version 17
VisualStudioVersion = 17.14.36705.20 d17.14
MinimumVisualStudioVersion = 10.0.40219.1
Project("{FAE04EC0-301F-11D3-BF4B-00C04F79EFBC}") = "TelaInicialCrud", "TelaInicialCrud\TelaInicialCrud.csproj", "{69295F2B-29B2-4381-B7AA-EE8C52109E31}"
EndProject
Global
	GlobalSection(SolutionConfigurationPlatforms) = preSolution
		Debug|Any CPU = Debug|Any CPU
		Release|Any CPU = Release|Any CPU
	EndGlobalSection
	GlobalSection(ProjectConfigurationPlatforms) = postSolution
		{69295F2B-29B2-4381-B7AA-EE8C52109E31}.Debug|Any CPU.ActiveCfg = Debug|Any CPU
		{69295F2B-29B2-4381-B7AA-EE8C52109E31}.Debug|Any CPU.Build.0 = Debug|Any CPU
		{69295F2B-29B2-4381-B7AA-EE8C52109E31}.Release|Any CPU.ActiveCfg = Release|Any CPU
		{69295F2B-29B2-4381-B7AA-EE8C52109E31}.Release|Any CPU.Build.0 = Release|Any CPU
	EndGlobalSection
	GlobalSection(SolutionProperties) = preSolution
		HideSolutionNode = FALSE
	EndGlobalSection
	GlobalSection(ExtensibilityGlobals) = postSolution
		SolutionGuid = {B466DD48-CDF6-4A27-8726-C3799152CA17}
	EndGlobalSection
EndGlobal
